# This file was autogenerated by Stack.
# You should not edit this file by hand.
# For more information, please see the documentation at:
#   https://docs.haskellstack.org/en/stable/lock_files

packages: []
snapshots:
- completed:
    sha256: 6a553c5fa4f211a9b639da5e5359124a93627852dd9967bed202fdd71b25f15e
    size: 720021
    url: https://raw.githubusercontent.com/commercialhaskell/stackage-snapshots/master/lts/22/36.yaml
  original: lts-22.36
